// !$*UTF8*$!
{
	archiveVersion = 1;
	classes = {
	};
	objectVersion = 56;
	objects = {

/* Begin PBXBuildFile section */
		42200C452D4C479F003006E1 /* CustomVideoPlayer.swift in Sources */ = {isa = PBXBuildFile; fileRef = 42200C442D4C479B003006E1 /* CustomVideoPlayer.swift */; };
		4233BFDA2CD938E1008FAAC7 /* TikTokApp.swift in Sources */ = {isa = PBXBuildFile; fileRef = 4233BFD92CD938E1008FAAC7 /* TikTokApp.swift */; };
		4233BFDC2CD938E1008FAAC7 /* ContentView.swift in Sources */ = {isa = PBXBuildFile; fileRef = 4233BFDB2CD938E1008FAAC7 /* ContentView.swift */; };
		4233BFDE2CD938E3008FAAC7 /* Assets.xcassets in Resources */ = {isa = PBXBuildFile; fileRef = 4233BFDD2CD938E3008FAAC7 /* Assets.xcassets */; };
		4233BFE12CD938E4008FAAC7 /* Preview Assets.xcassets in Resources */ = {isa = PBXBuildFile; fileRef = 4233BFE02CD938E4008FAAC7 /* Preview Assets.xcassets */; };
		4233BFF82CD93B4D008FAAC7 /* MainTabView.swift in Sources */ = {isa = PBXBuildFile; fileRef = 4233BFF72CD93B4D008FAAC7 /* MainTabView.swift */; };
		4233BFFA2CD95642008FAAC7 /* FeedView.swift in Sources */ = {isa = PBXBuildFile; fileRef = 4233BFF92CD95642008FAAC7 /* FeedView.swift */; };
		4233BFFC2CD95D0C008FAAC7 /* FeedCell.swift in Sources */ = {isa = PBXBuildFile; fileRef = 4233BFFB2CD95D0C008FAAC7 /* FeedCell.swift */; };
		42990D1B2DB997EB00383439 /* GoogleService-Info.plist in Resources */ = {isa = PBXBuildFile; fileRef = 42990D1A2DB997EB00383439 /* GoogleService-Info.plist */; };
		42990D1E2DB99F3600383439 /* FirebaseAnalytics in Frameworks */ = {isa = PBXBuildFile; productRef = 42990D1D2DB99F3600383439 /* FirebaseAnalytics */; };
		42990D202DB99F3600383439 /* FirebaseAnalyticsOnDeviceConversion in Frameworks */ = {isa = PBXBuildFile; productRef = 42990D1F2DB99F3600383439 /* FirebaseAnalyticsOnDeviceConversion */; };
		42990D222DB99F3600383439 /* FirebaseAnalyticsWithoutAdIdSupport in Frameworks */ = {isa = PBXBuildFile; productRef = 42990D212DB99F3600383439 /* FirebaseAnalyticsWithoutAdIdSupport */; };
		42990D242DB99F3600383439 /* FirebaseAppCheck in Frameworks */ = {isa = PBXBuildFile; productRef = 42990D232DB99F3600383439 /* FirebaseAppCheck */; };
		42990D262DB99F3600383439 /* FirebaseAppDistribution-Beta in Frameworks */ = {isa = PBXBuildFile; productRef = 42990D252DB99F3600383439 /* FirebaseAppDistribution-Beta */; };
		42990D282DB99F3600383439 /* FirebaseAuth in Frameworks */ = {isa = PBXBuildFile; productRef = 42990D272DB99F3600383439 /* FirebaseAuth */; };
		42990D2A2DB99F3600383439 /* FirebaseAuthCombine-Community in Frameworks */ = {isa = PBXBuildFile; productRef = 42990D292DB99F3600383439 /* FirebaseAuthCombine-Community */; };
		42990D2C2DB99F3600383439 /* FirebaseCore in Frameworks */ = {isa = PBXBuildFile; productRef = 42990D2B2DB99F3600383439 /* FirebaseCore */; };
		42990D2E2DB99F3600383439 /* FirebaseCrashlytics in Frameworks */ = {isa = PBXBuildFile; productRef = 42990D2D2DB99F3600383439 /* FirebaseCrashlytics */; };
		42990D302DB99F3600383439 /* FirebaseDatabase in Frameworks */ = {isa = PBXBuildFile; productRef = 42990D2F2DB99F3600383439 /* FirebaseDatabase */; };
		42990D322DB99F3600383439 /* FirebaseDynamicLinks in Frameworks */ = {isa = PBXBuildFile; productRef = 42990D312DB99F3600383439 /* FirebaseDynamicLinks */; };
		42990D342DB99F3600383439 /* FirebaseFirestore in Frameworks */ = {isa = PBXBuildFile; productRef = 42990D332DB99F3600383439 /* FirebaseFirestore */; };
		42990D362DB99F3600383439 /* FirebaseFirestoreCombine-Community in Frameworks */ = {isa = PBXBuildFile; productRef = 42990D352DB99F3600383439 /* FirebaseFirestoreCombine-Community */; };
		42990D382DB99F3600383439 /* FirebaseFunctions in Frameworks */ = {isa = PBXBuildFile; productRef = 42990D372DB99F3600383439 /* FirebaseFunctions */; };
		42990D3A2DB99F3600383439 /* FirebaseFunctionsCombine-Community in Frameworks */ = {isa = PBXBuildFile; productRef = 42990D392DB99F3600383439 /* FirebaseFunctionsCombine-Community */; };
		42990D3C2DB99F3600383439 /* FirebaseInAppMessaging-Beta in Frameworks */ = {isa = PBXBuildFile; productRef = 42990D3B2DB99F3600383439 /* FirebaseInAppMessaging-Beta */; };
		42990D3E2DB99F3600383439 /* FirebaseInstallations in Frameworks */ = {isa = PBXBuildFile; productRef = 42990D3D2DB99F3600383439 /* FirebaseInstallations */; };
		42990D402DB99F3600383439 /* FirebaseMLModelDownloader in Frameworks */ = {isa = PBXBuildFile; productRef = 42990D3F2DB99F3600383439 /* FirebaseMLModelDownloader */; };
		42990D422DB99F3600383439 /* FirebaseMessaging in Frameworks */ = {isa = PBXBuildFile; productRef = 42990D412DB99F3600383439 /* FirebaseMessaging */; };
		42990D442DB99F3600383439 /* FirebasePerformance in Frameworks */ = {isa = PBXBuildFile; productRef = 42990D432DB99F3600383439 /* FirebasePerformance */; };
		42990D462DB99F3600383439 /* FirebaseRemoteConfig in Frameworks */ = {isa = PBXBuildFile; productRef = 42990D452DB99F3600383439 /* FirebaseRemoteConfig */; };
		42990D482DB99F3600383439 /* FirebaseStorage in Frameworks */ = {isa = PBXBuildFile; productRef = 42990D472DB99F3600383439 /* FirebaseStorage */; };
		42990D4A2DB99F3600383439 /* FirebaseStorageCombine-Community in Frameworks */ = {isa = PBXBuildFile; productRef = 42990D492DB99F3600383439 /* FirebaseStorageCombine-Community */; };
		42990D4C2DB99F3600383439 /* FirebaseVertexAI in Frameworks */ = {isa = PBXBuildFile; productRef = 42990D4B2DB99F3600383439 /* FirebaseVertexAI */; };
		429AC2F42D4BF51A0055D643 /* CurrentUserProfileView.swift in Sources */ = {isa = PBXBuildFile; fileRef = 429AC2F32D4BF51A0055D643 /* CurrentUserProfileView.swift */; };
		429AC2F72D4BFB5C0055D643 /* UserStackView.swift in Sources */ = {isa = PBXBuildFile; fileRef = 429AC2F62D4BFB5C0055D643 /* UserStackView.swift */; };
		429AC2FA2D4C3A4D0055D643 /* PostGridView.swift in Sources */ = {isa = PBXBuildFile; fileRef = 429AC2F92D4C3A4D0055D643 /* PostGridView.swift */; };
		429AC2FE2D4C3D770055D643 /* Post.swift in Sources */ = {isa = PBXBuildFile; fileRef = 429AC2FD2D4C3D720055D643 /* Post.swift */; };
		429AC3022D4C3DCF0055D643 /* FeedViewModel.swift in Sources */ = {isa = PBXBuildFile; fileRef = 429AC3012D4C3DCC0055D643 /* FeedViewModel.swift */; };
		429F49522DAB5BF30067D404 /* AuthenticationFormProtocol.swift in Sources */ = {isa = PBXBuildFile; fileRef = 429F49512DAB5BF30067D404 /* AuthenticationFormProtocol.swift */; };
		42A97CF52D51729E0000B7C7 /* LoginView.swift in Sources */ = {isa = PBXBuildFile; fileRef = 42A97CF42D51729E0000B7C7 /* LoginView.swift */; };
		42A97CF72D5172AB0000B7C7 /* RegistrationView.swift in Sources */ = {isa = PBXBuildFile; fileRef = 42A97CF62D5172AB0000B7C7 /* RegistrationView.swift */; };
		42AA9F582D0A41B400060A5C /* ExploreView.swift in Sources */ = {isa = PBXBuildFile; fileRef = 42AA9F572D0A41B400060A5C /* ExploreView.swift */; };
		42AA9F5A2D0A41C600060A5C /* UserCell.swift in Sources */ = {isa = PBXBuildFile; fileRef = 42AA9F592D0A41C600060A5C /* UserCell.swift */; };
		42AA9F5D2D0A4D7700060A5C /* NotificationsView.swift in Sources */ = {isa = PBXBuildFile; fileRef = 42AA9F5C2D0A4D7700060A5C /* NotificationsView.swift */; };
		42AA9F5F2D0A4F5600060A5C /* NotificationsCell.swift in Sources */ = {isa = PBXBuildFile; fileRef = 42AA9F5E2D0A4F5600060A5C /* NotificationsCell.swift */; };
		42AA9F632D0A576100060A5C /* ProfileHeaderView.swift in Sources */ = {isa = PBXBuildFile; fileRef = 42AA9F622D0A576100060A5C /* ProfileHeaderView.swift */; };
		42E4180B2D5199DC00EF8418 /* StandardTextFieldModifier.swift in Sources */ = {isa = PBXBuildFile; fileRef = 42E4180A2D5199D000EF8418 /* StandardTextFieldModifier.swift */; };
/* End PBXBuildFile section */

/* Begin PBXFileReference section */
		42200C442D4C479B003006E1 /* CustomVideoPlayer.swift */ = {isa = PBXFileReference; lastKnownFileType = sourcecode.swift; path = CustomVideoPlayer.swift; sourceTree = "<group>"; };
		4233BFD62CD938E1008FAAC7 /* TikTok.app */ = {isa = PBXFileReference; explicitFileType = wrapper.application; includeInIndex = 0; path = TikTok.app; sourceTree = BUILT_PRODUCTS_DIR; };
		4233BFD92CD938E1008FAAC7 /* TikTokApp.swift */ = {isa = PBXFileReference; lastKnownFileType = sourcecode.swift; path = TikTokApp.swift; sourceTree = "<group>"; };
		4233BFDB2CD938E1008FAAC7 /* ContentView.swift */ = {isa = PBXFileReference; lastKnownFileType = sourcecode.swift; path = ContentView.swift; sourceTree = "<group>"; };
		4233BFDD2CD938E3008FAAC7 /* Assets.xcassets */ = {isa = PBXFileReference; lastKnownFileType = folder.assetcatalog; path = Assets.xcassets; sourceTree = "<group>"; };
		4233BFE02CD938E4008FAAC7 /* Preview Assets.xcassets */ = {isa = PBXFileReference; lastKnownFileType = folder.assetcatalog; path = "Preview Assets.xcassets"; sourceTree = "<group>"; };
		4233BFF72CD93B4D008FAAC7 /* MainTabView.swift */ = {isa = PBXFileReference; lastKnownFileType = sourcecode.swift; path = MainTabView.swift; sourceTree = "<group>"; };
		4233BFF92CD95642008FAAC7 /* FeedView.swift */ = {isa = PBXFileReference; lastKnownFileType = sourcecode.swift; path = FeedView.swift; sourceTree = "<group>"; };
		4233BFFB2CD95D0C008FAAC7 /* FeedCell.swift */ = {isa = PBXFileReference; lastKnownFileType = sourcecode.swift; path = FeedCell.swift; sourceTree = "<group>"; };
		42990D1A2DB997EB00383439 /* GoogleService-Info.plist */ = {isa = PBXFileReference; lastKnownFileType = text.plist.xml; path = "GoogleService-Info.plist"; sourceTree = "<group>"; };
		429AC2F32D4BF51A0055D643 /* CurrentUserProfileView.swift */ = {isa = PBXFileReference; lastKnownFileType = sourcecode.swift; path = CurrentUserProfileView.swift; sourceTree = "<group>"; };
		429AC2F62D4BFB5C0055D643 /* UserStackView.swift */ = {isa = PBXFileReference; lastKnownFileType = sourcecode.swift; path = UserStackView.swift; sourceTree = "<group>"; };
		429AC2F92D4C3A4D0055D643 /* PostGridView.swift */ = {isa = PBXFileReference; lastKnownFileType = sourcecode.swift; path = PostGridView.swift; sourceTree = "<group>"; };
		429AC2FD2D4C3D720055D643 /* Post.swift */ = {isa = PBXFileReference; lastKnownFileType = sourcecode.swift; path = Post.swift; sourceTree = "<group>"; };
		429AC3012D4C3DCC0055D643 /* FeedViewModel.swift */ = {isa = PBXFileReference; lastKnownFileType = sourcecode.swift; path = FeedViewModel.swift; sourceTree = "<group>"; };
		429F49512DAB5BF30067D404 /* AuthenticationFormProtocol.swift */ = {isa = PBXFileReference; lastKnownFileType = sourcecode.swift; path = AuthenticationFormProtocol.swift; sourceTree = "<group>"; };
		42A97CF42D51729E0000B7C7 /* LoginView.swift */ = {isa = PBXFileReference; lastKnownFileType = sourcecode.swift; path = LoginView.swift; sourceTree = "<group>"; };
		42A97CF62D5172AB0000B7C7 /* RegistrationView.swift */ = {isa = PBXFileReference; lastKnownFileType = sourcecode.swift; path = RegistrationView.swift; sourceTree = "<group>"; };
		42AA9F572D0A41B400060A5C /* ExploreView.swift */ = {isa = PBXFileReference; lastKnownFileType = sourcecode.swift; path = ExploreView.swift; sourceTree = "<group>"; };
		42AA9F592D0A41C600060A5C /* UserCell.swift */ = {isa = PBXFileReference; lastKnownFileType = sourcecode.swift; path = UserCell.swift; sourceTree = "<group>"; };
		42AA9F5C2D0A4D7700060A5C /* NotificationsView.swift */ = {isa = PBXFileReference; lastKnownFileType = sourcecode.swift; path = NotificationsView.swift; sourceTree = "<group>"; };
		42AA9F5E2D0A4F5600060A5C /* NotificationsCell.swift */ = {isa = PBXFileReference; lastKnownFileType = sourcecode.swift; path = NotificationsCell.swift; sourceTree = "<group>"; };
		42AA9F622D0A576100060A5C /* ProfileHeaderView.swift */ = {isa = PBXFileReference; lastKnownFileType = sourcecode.swift; path = ProfileHeaderView.swift; sourceTree = "<group>"; };
		42E4180A2D5199D000EF8418 /* StandardTextFieldModifier.swift */ = {isa = PBXFileReference; lastKnownFileType = sourcecode.swift; path = StandardTextFieldModifier.swift; sourceTree = "<group>"; };
/* End PBXFileReference section */

/* Begin PBXFrameworksBuildPhase section */
		4233BFD32CD938E1008FAAC7 /* Frameworks */ = {
			isa = PBXFrameworksBuildPhase;
			buildActionMask = 2147483647;
			files = (
				42990D362DB99F3600383439 /* FirebaseFirestoreCombine-Community in Frameworks */,
				42990D4C2DB99F3600383439 /* FirebaseVertexAI in Frameworks */,
				42990D382DB99F3600383439 /* FirebaseFunctions in Frameworks */,
				42990D442DB99F3600383439 /* FirebasePerformance in Frameworks */,
				42990D4A2DB99F3600383439 /* FirebaseStorageCombine-Community in Frameworks */,
				42990D462DB99F3600383439 /* FirebaseRemoteConfig in Frameworks */,
				42990D302DB99F3600383439 /* FirebaseDatabase in Frameworks */,
				42990D322DB99F3600383439 /* FirebaseDynamicLinks in Frameworks */,
				42990D242DB99F3600383439 /* FirebaseAppCheck in Frameworks */,
				42990D282DB99F3600383439 /* FirebaseAuth in Frameworks */,
				42990D1E2DB99F3600383439 /* FirebaseAnalytics in Frameworks */,
				42990D342DB99F3600383439 /* FirebaseFirestore in Frameworks */,
				42990D422DB99F3600383439 /* FirebaseMessaging in Frameworks */,
				42990D3E2DB99F3600383439 /* FirebaseInstallations in Frameworks */,
				42990D3A2DB99F3600383439 /* FirebaseFunctionsCombine-Community in Frameworks */,
				42990D262DB99F3600383439 /* FirebaseAppDistribution-Beta in Frameworks */,
				42990D222DB99F3600383439 /* FirebaseAnalyticsWithoutAdIdSupport in Frameworks */,
				42990D3C2DB99F3600383439 /* FirebaseInAppMessaging-Beta in Frameworks */,
				42990D2A2DB99F3600383439 /* FirebaseAuthCombine-Community in Frameworks */,
				42990D2E2DB99F3600383439 /* FirebaseCrashlytics in Frameworks */,
				42990D402DB99F3600383439 /* FirebaseMLModelDownloader in Frameworks */,
				42990D482DB99F3600383439 /* FirebaseStorage in Frameworks */,
				42990D2C2DB99F3600383439 /* FirebaseCore in Frameworks */,
				42990D202DB99F3600383439 /* FirebaseAnalyticsOnDeviceConversion in Frameworks */,
			);
			runOnlyForDeploymentPostprocessing = 0;
		};
/* End PBXFrameworksBuildPhase section */

/* Begin PBXGroup section */
		42200C432D4C478B003006E1 /* VideoPlayer */ = {
			isa = PBXGroup;
			children = (
				42200C442D4C479B003006E1 /* CustomVideoPlayer.swift */,
			);
			path = VideoPlayer;
			sourceTree = "<group>";
		};
		4233BFCD2CD938E1008FAAC7 = {
			isa = PBXGroup;
			children = (
				4233BFD82CD938E1008FAAC7 /* TikTok */,
				4233BFD72CD938E1008FAAC7 /* Products */,
			);
			sourceTree = "<group>";
		};
		4233BFD72CD938E1008FAAC7 /* Products */ = {
			isa = PBXGroup;
			children = (
				4233BFD62CD938E1008FAAC7 /* TikTok.app */,
			);
			name = Products;
			sourceTree = "<group>";
		};
		4233BFD82CD938E1008FAAC7 /* TikTok */ = {
			isa = PBXGroup;
			children = (
				42990D1A2DB997EB00383439 /* GoogleService-Info.plist */,
				4233BFEC2CD93A7E008FAAC7 /* Utils */,
				4233BFE82CD93A59008FAAC7 /* Core */,
				4233BFE72CD93A3B008FAAC7 /* App */,
				4233BFDD2CD938E3008FAAC7 /* Assets.xcassets */,
				4233BFDF2CD938E4008FAAC7 /* Preview Content */,
			);
			path = TikTok;
			sourceTree = "<group>";
		};
		4233BFDF2CD938E4008FAAC7 /* Preview Content */ = {
			isa = PBXGroup;
			children = (
				4233BFE02CD938E4008FAAC7 /* Preview Assets.xcassets */,
			);
			path = "Preview Content";
			sourceTree = "<group>";
		};
		4233BFE72CD93A3B008FAAC7 /* App */ = {
			isa = PBXGroup;
			children = (
				4233BFD92CD938E1008FAAC7 /* TikTokApp.swift */,
			);
			path = App;
			sourceTree = "<group>";
		};
		4233BFE82CD93A59008FAAC7 /* Core */ = {
			isa = PBXGroup;
			children = (
				4233BFF52CD93B05008FAAC7 /* TabBar */,
				42AA9F562D0A41A500060A5C /* Explore */,
				4233BFF32CD93ADC008FAAC7 /* Root */,
				4233BFF22CD93AD6008FAAC7 /* Profile */,
				4233BFF12CD93AD1008FAAC7 /* Notifications */,
				4233BFF02CD93AC4008FAAC7 /* Feed */,
				4233BFEF2CD93AB7008FAAC7 /* Components */,
				4233BFED2CD93AAA008FAAC7 /* Authentication */,
			);
			path = Core;
			sourceTree = "<group>";
		};
		4233BFEC2CD93A7E008FAAC7 /* Utils */ = {
			isa = PBXGroup;
			children = (
				42E4180A2D5199D000EF8418 /* StandardTextFieldModifier.swift */,
			);
			path = Utils;
			sourceTree = "<group>";
		};
		4233BFED2CD93AAA008FAAC7 /* Authentication */ = {
			isa = PBXGroup;
			children = (
				429F49502DAB5BD00067D404 /* Protocols */,
				42A97CF02D51726C0000B7C7 /* View */,
			);
			path = Authentication;
			sourceTree = "<group>";
		};
		4233BFEF2CD93AB7008FAAC7 /* Components */ = {
			isa = PBXGroup;
			children = (
				42200C432D4C478B003006E1 /* VideoPlayer */,
				429AC2F52D4BFB3E0055D643 /* CustomViews */,
			);
			path = Components;
			sourceTree = "<group>";
		};
		4233BFF02CD93AC4008FAAC7 /* Feed */ = {
			isa = PBXGroup;
			children = (
				429AC3002D4C3DBE0055D643 /* ViewModel */,
				429AC2FF2D4C3DB60055D643 /* Service */,
				429AC2FC2D4C3D6B0055D643 /* Model */,
				429AC2FB2D4C3D5F0055D643 /* View */,
			);
			path = Feed;
			sourceTree = "<group>";
		};
		4233BFF12CD93AD1008FAAC7 /* Notifications */ = {
			isa = PBXGroup;
			children = (
				42AA9F5C2D0A4D7700060A5C /* NotificationsView.swift */,
				42AA9F5E2D0A4F5600060A5C /* NotificationsCell.swift */,
			);
			path = Notifications;
			sourceTree = "<group>";
		};
		4233BFF22CD93AD6008FAAC7 /* Profile */ = {
			isa = PBXGroup;
			children = (
				42AA9F622D0A576100060A5C /* ProfileHeaderView.swift */,
				429AC2F32D4BF51A0055D643 /* CurrentUserProfileView.swift */,
			);
			path = Profile;
			sourceTree = "<group>";
		};
		4233BFF32CD93ADC008FAAC7 /* Root */ = {
			isa = PBXGroup;
			children = (
				4233BFDB2CD938E1008FAAC7 /* ContentView.swift */,
			);
			path = Root;
			sourceTree = "<group>";
		};
		4233BFF52CD93B05008FAAC7 /* TabBar */ = {
			isa = PBXGroup;
			children = (
				4233BFF72CD93B4D008FAAC7 /* MainTabView.swift */,
			);
			path = TabBar;
			sourceTree = "<group>";
		};
		429AC2F52D4BFB3E0055D643 /* CustomViews */ = {
			isa = PBXGroup;
			children = (
				429AC2F82D4C3A2C0055D643 /* UserStackView */,
				429AC2F92D4C3A4D0055D643 /* PostGridView.swift */,
			);
			path = CustomViews;
			sourceTree = "<group>";
		};
		429AC2F82D4C3A2C0055D643 /* UserStackView */ = {
			isa = PBXGroup;
			children = (
				429AC2F62D4BFB5C0055D643 /* UserStackView.swift */,
			);
			path = UserStackView;
			sourceTree = "<group>";
		};
		429AC2FB2D4C3D5F0055D643 /* View */ = {
			isa = PBXGroup;
			children = (
				4233BFF92CD95642008FAAC7 /* FeedView.swift */,
				4233BFFB2CD95D0C008FAAC7 /* FeedCell.swift */,
			);
			path = View;
			sourceTree = "<group>";
		};
		429AC2FC2D4C3D6B0055D643 /* Model */ = {
			isa = PBXGroup;
			children = (
				429AC2FD2D4C3D720055D643 /* Post.swift */,
			);
			path = Model;
			sourceTree = "<group>";
		};
		429AC2FF2D4C3DB60055D643 /* Service */ = {
			isa = PBXGroup;
			children = (
			);
			path = Service;
			sourceTree = "<group>";
		};
		429AC3002D4C3DBE0055D643 /* ViewModel */ = {
			isa = PBXGroup;
			children = (
				429AC3012D4C3DCC0055D643 /* FeedViewModel.swift */,
			);
			path = ViewModel;
			sourceTree = "<group>";
		};
		429F49502DAB5BD00067D404 /* Protocols */ = {
			isa = PBXGroup;
			children = (
				429F49512DAB5BF30067D404 /* AuthenticationFormProtocol.swift */,
			);
			path = Protocols;
			sourceTree = "<group>";
		};
		42A97CF02D51726C0000B7C7 /* View */ = {
			isa = PBXGroup;
			children = (
				42A97CF42D51729E0000B7C7 /* LoginView.swift */,
				42A97CF62D5172AB0000B7C7 /* RegistrationView.swift */,
			);
			path = View;
			sourceTree = "<group>";
		};
		42AA9F562D0A41A500060A5C /* Explore */ = {
			isa = PBXGroup;
			children = (
				42AA9F572D0A41B400060A5C /* ExploreView.swift */,
				42AA9F592D0A41C600060A5C /* UserCell.swift */,
			);
			path = Explore;
			sourceTree = "<group>";
		};
/* End PBXGroup section */

/* Begin PBXNativeTarget section */
		4233BFD52CD938E1008FAAC7 /* TikTok */ = {
			isa = PBXNativeTarget;
			buildConfigurationList = 4233BFE42CD938E4008FAAC7 /* Build configuration list for PBXNativeTarget "TikTok" */;
			buildPhases = (
				4233BFD22CD938E1008FAAC7 /* Sources */,
				4233BFD32CD938E1008FAAC7 /* Frameworks */,
				4233BFD42CD938E1008FAAC7 /* Resources */,
			);
			buildRules = (
			);
			dependencies = (
			);
			name = TikTok;
			productName = TikTok;
			productReference = 4233BFD62CD938E1008FAAC7 /* TikTok.app */;
			productType = "com.apple.product-type.application";
		};
/* End PBXNativeTarget section */

/* Begin PBXProject section */
		4233BFCE2CD938E1008FAAC7 /* Project object */ = {
			isa = PBXProject;
			attributes = {
				BuildIndependentTargetsInParallel = 1;
				LastSwiftUpdateCheck = 1540;
				LastUpgradeCheck = 1540;
				TargetAttributes = {
					4233BFD52CD938E1008FAAC7 = {
						CreatedOnToolsVersion = 15.4;
					};
				};
			};
			buildConfigurationList = 4233BFD12CD938E1008FAAC7 /* Build configuration list for PBXProject "TikTok" */;
			compatibilityVersion = "Xcode 14.0";
			developmentRegion = en;
			hasScannedForEncodings = 0;
			knownRegions = (
				en,
				Base,
			);
			mainGroup = 4233BFCD2CD938E1008FAAC7;
			packageReferences = (
				42990D1C2DB99F3600383439 /* XCRemoteSwiftPackageReference "firebase-ios-sdk" */,
			);
			productRefGroup = 4233BFD72CD938E1008FAAC7 /* Products */;
			projectDirPath = "";
			projectRoot = "";
			targets = (
				4233BFD52CD938E1008FAAC7 /* TikTok */,
			);
		};
/* End PBXProject section */

/* Begin PBXResourcesBuildPhase section */
		4233BFD42CD938E1008FAAC7 /* Resources */ = {
			isa = PBXResourcesBuildPhase;
			buildActionMask = 2147483647;
			files = (
				4233BFE12CD938E4008FAAC7 /* Preview Assets.xcassets in Resources */,
				4233BFDE2CD938E3008FAAC7 /* Assets.xcassets in Resources */,
				42990D1B2DB997EB00383439 /* GoogleService-Info.plist in Resources */,
			);
			runOnlyForDeploymentPostprocessing = 0;
		};
/* End PBXResourcesBuildPhase section */

/* Begin PBXSourcesBuildPhase section */
		4233BFD22CD938E1008FAAC7 /* Sources */ = {
			isa = PBXSourcesBuildPhase;
			buildActionMask = 2147483647;
			files = (
				4233BFFA2CD95642008FAAC7 /* FeedView.swift in Sources */,
				42200C452D4C479F003006E1 /* CustomVideoPlayer.swift in Sources */,
				429AC2F72D4BFB5C0055D643 /* UserStackView.swift in Sources */,
				42A97CF72D5172AB0000B7C7 /* RegistrationView.swift in Sources */,
				4233BFFC2CD95D0C008FAAC7 /* FeedCell.swift in Sources */,
				42E4180B2D5199DC00EF8418 /* StandardTextFieldModifier.swift in Sources */,
				42AA9F632D0A576100060A5C /* ProfileHeaderView.swift in Sources */,
				4233BFDC2CD938E1008FAAC7 /* ContentView.swift in Sources */,
				429AC3022D4C3DCF0055D643 /* FeedViewModel.swift in Sources */,
				429AC2FE2D4C3D770055D643 /* Post.swift in Sources */,
				429F49522DAB5BF30067D404 /* AuthenticationFormProtocol.swift in Sources */,
				429AC2F42D4BF51A0055D643 /* CurrentUserProfileView.swift in Sources */,
				429AC2FA2D4C3A4D0055D643 /* PostGridView.swift in Sources */,
				42A97CF52D51729E0000B7C7 /* LoginView.swift in Sources */,
				4233BFDA2CD938E1008FAAC7 /* TikTokApp.swift in Sources */,
				42AA9F582D0A41B400060A5C /* ExploreView.swift in Sources */,
				4233BFF82CD93B4D008FAAC7 /* MainTabView.swift in Sources */,
				42AA9F5A2D0A41C600060A5C /* UserCell.swift in Sources */,
				42AA9F5F2D0A4F5600060A5C /* NotificationsCell.swift in Sources */,
				42AA9F5D2D0A4D7700060A5C /* NotificationsView.swift in Sources */,
			);
			runOnlyForDeploymentPostprocessing = 0;
		};
/* End PBXSourcesBuildPhase section */

/* Begin XCBuildConfiguration section */
		4233BFE22CD938E4008FAAC7 /* Debug */ = {
			isa = XCBuildConfiguration;
			buildSettings = {
				ALWAYS_SEARCH_USER_PATHS = NO;
				ASSETCATALOG_COMPILER_GENERATE_SWIFT_ASSET_SYMBOL_EXTENSIONS = YES;
				CLANG_ANALYZER_NONNULL = YES;
				CLANG_ANALYZER_NUMBER_OBJECT_CONVERSION = YES_AGGRESSIVE;
				CLANG_CXX_LANGUAGE_STANDARD = "gnu++20";
				CLANG_ENABLE_MODULES = YES;
				CLANG_ENABLE_OBJC_ARC = YES;
				CLANG_ENABLE_OBJC_WEAK = YES;
				CLANG_WARN_BLOCK_CAPTURE_AUTORELEASING = YES;
				CLANG_WARN_BOOL_CONVERSION = YES;
				CLANG_WARN_COMMA = YES;
				CLANG_WARN_CONSTANT_CONVERSION = YES;
				CLANG_WARN_DEPRECATED_OBJC_IMPLEMENTATIONS = YES;
				CLANG_WARN_DIRECT_OBJC_ISA_USAGE = YES_ERROR;
				CLANG_WARN_DOCUMENTATION_COMMENTS = YES;
				CLANG_WARN_EMPTY_BODY = YES;
				CLANG_WARN_ENUM_CONVERSION = YES;
				CLANG_WARN_INFINITE_RECURSION = YES;
				CLANG_WARN_INT_CONVERSION = YES;
				CLANG_WARN_NON_LITERAL_NULL_CONVERSION = YES;
				CLANG_WARN_OBJC_IMPLICIT_RETAIN_SELF = YES;
				CLANG_WARN_OBJC_LITERAL_CONVERSION = YES;
				CLANG_WARN_OBJC_ROOT_CLASS = YES_ERROR;
				CLANG_WARN_QUOTED_INCLUDE_IN_FRAMEWORK_HEADER = YES;
				CLANG_WARN_RANGE_LOOP_ANALYSIS = YES;
				CLANG_WARN_STRICT_PROTOTYPES = YES;
				CLANG_WARN_SUSPICIOUS_MOVE = YES;
				CLANG_WARN_UNGUARDED_AVAILABILITY = YES_AGGRESSIVE;
				CLANG_WARN_UNREACHABLE_CODE = YES;
				CLANG_WARN__DUPLICATE_METHOD_MATCH = YES;
				COPY_PHASE_STRIP = NO;
				DEBUG_INFORMATION_FORMAT = dwarf;
				ENABLE_STRICT_OBJC_MSGSEND = YES;
				ENABLE_TESTABILITY = YES;
				ENABLE_USER_SCRIPT_SANDBOXING = YES;
				GCC_C_LANGUAGE_STANDARD = gnu17;
				GCC_DYNAMIC_NO_PIC = NO;
				GCC_NO_COMMON_BLOCKS = YES;
				GCC_OPTIMIZATION_LEVEL = 0;
				GCC_PREPROCESSOR_DEFINITIONS = (
					"DEBUG=1",
					"$(inherited)",
				);
				GCC_WARN_64_TO_32_BIT_CONVERSION = YES;
				GCC_WARN_ABOUT_RETURN_TYPE = YES_ERROR;
				GCC_WARN_UNDECLARED_SELECTOR = YES;
				GCC_WARN_UNINITIALIZED_AUTOS = YES_AGGRESSIVE;
				GCC_WARN_UNUSED_FUNCTION = YES;
				GCC_WARN_UNUSED_VARIABLE = YES;
				IPHONEOS_DEPLOYMENT_TARGET = 17.5;
				LOCALIZATION_PREFERS_STRING_CATALOGS = YES;
				MTL_ENABLE_DEBUG_INFO = INCLUDE_SOURCE;
				MTL_FAST_MATH = YES;
				ONLY_ACTIVE_ARCH = YES;
				SDKROOT = iphoneos;
				SWIFT_ACTIVE_COMPILATION_CONDITIONS = "DEBUG $(inherited)";
				SWIFT_OPTIMIZATION_LEVEL = "-Onone";
			};
			name = Debug;
		};
		4233BFE32CD938E4008FAAC7 /* Release */ = {
			isa = XCBuildConfiguration;
			buildSettings = {
				ALWAYS_SEARCH_USER_PATHS = NO;
				ASSETCATALOG_COMPILER_GENERATE_SWIFT_ASSET_SYMBOL_EXTENSIONS = YES;
				CLANG_ANALYZER_NONNULL = YES;
				CLANG_ANALYZER_NUMBER_OBJECT_CONVERSION = YES_AGGRESSIVE;
				CLANG_CXX_LANGUAGE_STANDARD = "gnu++20";
				CLANG_ENABLE_MODULES = YES;
				CLANG_ENABLE_OBJC_ARC = YES;
				CLANG_ENABLE_OBJC_WEAK = YES;
				CLANG_WARN_BLOCK_CAPTURE_AUTORELEASING = YES;
				CLANG_WARN_BOOL_CONVERSION = YES;
				CLANG_WARN_COMMA = YES;
				CLANG_WARN_CONSTANT_CONVERSION = YES;
				CLANG_WARN_DEPRECATED_OBJC_IMPLEMENTATIONS = YES;
				CLANG_WARN_DIRECT_OBJC_ISA_USAGE = YES_ERROR;
				CLANG_WARN_DOCUMENTATION_COMMENTS = YES;
				CLANG_WARN_EMPTY_BODY = YES;
				CLANG_WARN_ENUM_CONVERSION = YES;
				CLANG_WARN_INFINITE_RECURSION = YES;
				CLANG_WARN_INT_CONVERSION = YES;
				CLANG_WARN_NON_LITERAL_NULL_CONVERSION = YES;
				CLANG_WARN_OBJC_IMPLICIT_RETAIN_SELF = YES;
				CLANG_WARN_OBJC_LITERAL_CONVERSION = YES;
				CLANG_WARN_OBJC_ROOT_CLASS = YES_ERROR;
				CLANG_WARN_QUOTED_INCLUDE_IN_FRAMEWORK_HEADER = YES;
				CLANG_WARN_RANGE_LOOP_ANALYSIS = YES;
				CLANG_WARN_STRICT_PROTOTYPES = YES;
				CLANG_WARN_SUSPICIOUS_MOVE = YES;
				CLANG_WARN_UNGUARDED_AVAILABILITY = YES_AGGRESSIVE;
				CLANG_WARN_UNREACHABLE_CODE = YES;
				CLANG_WARN__DUPLICATE_METHOD_MATCH = YES;
				COPY_PHASE_STRIP = NO;
				DEBUG_INFORMATION_FORMAT = "dwarf-with-dsym";
				ENABLE_NS_ASSERTIONS = NO;
				ENABLE_STRICT_OBJC_MSGSEND = YES;
				ENABLE_USER_SCRIPT_SANDBOXING = YES;
				GCC_C_LANGUAGE_STANDARD = gnu17;
				GCC_NO_COMMON_BLOCKS = YES;
				GCC_WARN_64_TO_32_BIT_CONVERSION = YES;
				GCC_WARN_ABOUT_RETURN_TYPE = YES_ERROR;
				GCC_WARN_UNDECLARED_SELECTOR = YES;
				GCC_WARN_UNINITIALIZED_AUTOS = YES_AGGRESSIVE;
				GCC_WARN_UNUSED_FUNCTION = YES;
				GCC_WARN_UNUSED_VARIABLE = YES;
				IPHONEOS_DEPLOYMENT_TARGET = 17.5;
				LOCALIZATION_PREFERS_STRING_CATALOGS = YES;
				MTL_ENABLE_DEBUG_INFO = NO;
				MTL_FAST_MATH = YES;
				SDKROOT = iphoneos;
				SWIFT_COMPILATION_MODE = wholemodule;
				VALIDATE_PRODUCT = YES;
			};
			name = Release;
		};
		4233BFE52CD938E4008FAAC7 /* Debug */ = {
			isa = XCBuildConfiguration;
			buildSettings = {
				ASSETCATALOG_COMPILER_APPICON_NAME = AppIcon;
				ASSETCATALOG_COMPILER_GLOBAL_ACCENT_COLOR_NAME = AccentColor;
				CODE_SIGN_STYLE = Automatic;
				CURRENT_PROJECT_VERSION = 1;
				DEVELOPMENT_ASSET_PATHS = "\"TikTok/Preview Content\"";
				DEVELOPMENT_TEAM = CTDN3273R3;
				ENABLE_PREVIEWS = YES;
				GENERATE_INFOPLIST_FILE = YES;
				INFOPLIST_KEY_UIApplicationSceneManifest_Generation = YES;
				INFOPLIST_KEY_UIApplicationSupportsIndirectInputEvents = YES;
				INFOPLIST_KEY_UILaunchScreen_Generation = YES;
				INFOPLIST_KEY_UISupportedInterfaceOrientations_iPad = "UIInterfaceOrientationPortrait UIInterfaceOrientationPortraitUpsideDown UIInterfaceOrientationLandscapeLeft UIInterfaceOrientationLandscapeRight";
				INFOPLIST_KEY_UISupportedInterfaceOrientations_iPhone = "UIInterfaceOrientationPortrait UIInterfaceOrientationLandscapeLeft UIInterfaceOrientationLandscapeRight";
				LD_RUNPATH_SEARCH_PATHS = (
					"$(inherited)",
					"@executable_path/Frameworks",
				);
				MARKETING_VERSION = 1.0;
				PRODUCT_BUNDLE_IDENTIFIER = br.com.vhenriquebm.TikTok;
				PRODUCT_NAME = "$(TARGET_NAME)";
				SWIFT_EMIT_LOC_STRINGS = YES;
				SWIFT_VERSION = 5.0;
				TARGETED_DEVICE_FAMILY = "1,2";
			};
			name = Debug;
		};
		4233BFE62CD938E4008FAAC7 /* Release */ = {
			isa = XCBuildConfiguration;
			buildSettings = {
				ASSETCATALOG_COMPILER_APPICON_NAME = AppIcon;
				ASSETCATALOG_COMPILER_GLOBAL_ACCENT_COLOR_NAME = AccentColor;
				CODE_SIGN_STYLE = Automatic;
				CURRENT_PROJECT_VERSION = 1;
				DEVELOPMENT_ASSET_PATHS = "\"TikTok/Preview Content\"";
				DEVELOPMENT_TEAM = CTDN3273R3;
				ENABLE_PREVIEWS = YES;
				GENERATE_INFOPLIST_FILE = YES;
				INFOPLIST_KEY_UIApplicationSceneManifest_Generation = YES;
				INFOPLIST_KEY_UIApplicationSupportsIndirectInputEvents = YES;
				INFOPLIST_KEY_UILaunchScreen_Generation = YES;
				INFOPLIST_KEY_UISupportedInterfaceOrientations_iPad = "UIInterfaceOrientationPortrait UIInterfaceOrientationPortraitUpsideDown UIInterfaceOrientationLandscapeLeft UIInterfaceOrientationLandscapeRight";
				INFOPLIST_KEY_UISupportedInterfaceOrientations_iPhone = "UIInterfaceOrientationPortrait UIInterfaceOrientationLandscapeLeft UIInterfaceOrientationLandscapeRight";
				LD_RUNPATH_SEARCH_PATHS = (
					"$(inherited)",
					"@executable_path/Frameworks",
				);
				MARKETING_VERSION = 1.0;
				PRODUCT_BUNDLE_IDENTIFIER = br.com.vhenriquebm.TikTok;
				PRODUCT_NAME = "$(TARGET_NAME)";
				SWIFT_EMIT_LOC_STRINGS = YES;
				SWIFT_VERSION = 5.0;
				TARGETED_DEVICE_FAMILY = "1,2";
			};
			name = Release;
		};
/* End XCBuildConfiguration section */

/* Begin XCConfigurationList section */
		4233BFD12CD938E1008FAAC7 /* Build configuration list for PBXProject "TikTok" */ = {
			isa = XCConfigurationList;
			buildConfigurations = (
				4233BFE22CD938E4008FAAC7 /* Debug */,
				4233BFE32CD938E4008FAAC7 /* Release */,
			);
			defaultConfigurationIsVisible = 0;
			defaultConfigurationName = Release;
		};
		4233BFE42CD938E4008FAAC7 /* Build configuration list for PBXNativeTarget "TikTok" */ = {
			isa = XCConfigurationList;
			buildConfigurations = (
				4233BFE52CD938E4008FAAC7 /* Debug */,
				4233BFE62CD938E4008FAAC7 /* Release */,
			);
			defaultConfigurationIsVisible = 0;
			defaultConfigurationName = Release;
		};
/* End XCConfigurationList section */

/* Begin XCRemoteSwiftPackageReference section */
		42990D1C2DB99F3600383439 /* XCRemoteSwiftPackageReference "firebase-ios-sdk" */ = {
			isa = XCRemoteSwiftPackageReference;
			repositoryURL = "https://github.com/firebase/firebase-ios-sdk";
			requirement = {
				kind = upToNextMajorVersion;
				minimumVersion = 11.12.0;
			};
		};
/* End XCRemoteSwiftPackageReference section */

/* Begin XCSwiftPackageProductDependency section */
		42990D1D2DB99F3600383439 /* FirebaseAnalytics */ = {
			isa = XCSwiftPackageProductDependency;
			package = 42990D1C2DB99F3600383439 /* XCRemoteSwiftPackageReference "firebase-ios-sdk" */;
			productName = FirebaseAnalytics;
		};
		42990D1F2DB99F3600383439 /* FirebaseAnalyticsOnDeviceConversion */ = {
			isa = XCSwiftPackageProductDependency;
			package = 42990D1C2DB99F3600383439 /* XCRemoteSwiftPackageReference "firebase-ios-sdk" */;
			productName = FirebaseAnalyticsOnDeviceConversion;
		};
		42990D212DB99F3600383439 /* FirebaseAnalyticsWithoutAdIdSupport */ = {
			isa = XCSwiftPackageProductDependency;
			package = 42990D1C2DB99F3600383439 /* XCRemoteSwiftPackageReference "firebase-ios-sdk" */;
			productName = FirebaseAnalyticsWithoutAdIdSupport;
		};
		42990D232DB99F3600383439 /* FirebaseAppCheck */ = {
			isa = XCSwiftPackageProductDependency;
			package = 42990D1C2DB99F3600383439 /* XCRemoteSwiftPackageReference "firebase-ios-sdk" */;
			productName = FirebaseAppCheck;
		};
		42990D252DB99F3600383439 /* FirebaseAppDistribution-Beta */ = {
			isa = XCSwiftPackageProductDependency;
			package = 42990D1C2DB99F3600383439 /* XCRemoteSwiftPackageReference "firebase-ios-sdk" */;
			productName = "FirebaseAppDistribution-Beta";
		};
		42990D272DB99F3600383439 /* FirebaseAuth */ = {
			isa = XCSwiftPackageProductDependency;
			package = 42990D1C2DB99F3600383439 /* XCRemoteSwiftPackageReference "firebase-ios-sdk" */;
			productName = FirebaseAuth;
		};
		42990D292DB99F3600383439 /* FirebaseAuthCombine-Community */ = {
			isa = XCSwiftPackageProductDependency;
			package = 42990D1C2DB99F3600383439 /* XCRemoteSwiftPackageReference "firebase-ios-sdk" */;
			productName = "FirebaseAuthCombine-Community";
		};
		42990D2B2DB99F3600383439 /* FirebaseCore */ = {
			isa = XCSwiftPackageProductDependency;
			package = 42990D1C2DB99F3600383439 /* XCRemoteSwiftPackageReference "firebase-ios-sdk" */;
			productName = FirebaseCore;
		};
		42990D2D2DB99F3600383439 /* FirebaseCrashlytics */ = {
			isa = XCSwiftPackageProductDependency;
			package = 42990D1C2DB99F3600383439 /* XCRemoteSwiftPackageReference "firebase-ios-sdk" */;
			productName = FirebaseCrashlytics;
		};
		42990D2F2DB99F3600383439 /* FirebaseDatabase */ = {
			isa = XCSwiftPackageProductDependency;
			package = 42990D1C2DB99F3600383439 /* XCRemoteSwiftPackageReference "firebase-ios-sdk" */;
			productName = FirebaseDatabase;
		};
		42990D312DB99F3600383439 /* FirebaseDynamicLinks */ = {
			isa = XCSwiftPackageProductDependency;
			package = 42990D1C2DB99F3600383439 /* XCRemoteSwiftPackageReference "firebase-ios-sdk" */;
			productName = FirebaseDynamicLinks;
		};
		42990D332DB99F3600383439 /* FirebaseFirestore */ = {
			isa = XCSwiftPackageProductDependency;
			package = 42990D1C2DB99F3600383439 /* XCRemoteSwiftPackageReference "firebase-ios-sdk" */;
			productName = FirebaseFirestore;
		};
		42990D352DB99F3600383439 /* FirebaseFirestoreCombine-Community */ = {
			isa = XCSwiftPackageProductDependency;
			package = 42990D1C2DB99F3600383439 /* XCRemoteSwiftPackageReference "firebase-ios-sdk" */;
			productName = "FirebaseFirestoreCombine-Community";
		};
		42990D372DB99F3600383439 /* FirebaseFunctions */ = {
			isa = XCSwiftPackageProductDependency;
			package = 42990D1C2DB99F3600383439 /* XCRemoteSwiftPackageReference "firebase-ios-sdk" */;
			productName = FirebaseFunctions;
		};
		42990D392DB99F3600383439 /* FirebaseFunctionsCombine-Community */ = {
			isa = XCSwiftPackageProductDependency;
			package = 42990D1C2DB99F3600383439 /* XCRemoteSwiftPackageReference "firebase-ios-sdk" */;
			productName = "FirebaseFunctionsCombine-Community";
		};
		42990D3B2DB99F3600383439 /* FirebaseInAppMessaging-Beta */ = {
			isa = XCSwiftPackageProductDependency;
			package = 42990D1C2DB99F3600383439 /* XCRemoteSwiftPackageReference "firebase-ios-sdk" */;
			productName = "FirebaseInAppMessaging-Beta";
		};
		42990D3D2DB99F3600383439 /* FirebaseInstallations */ = {
			isa = XCSwiftPackageProductDependency;
			package = 42990D1C2DB99F3600383439 /* XCRemoteSwiftPackageReference "firebase-ios-sdk" */;
			productName = FirebaseInstallations;
		};
		42990D3F2DB99F3600383439 /* FirebaseMLModelDownloader */ = {
			isa = XCSwiftPackageProductDependency;
			package = 42990D1C2DB99F3600383439 /* XCRemoteSwiftPackageReference "firebase-ios-sdk" */;
			productName = FirebaseMLModelDownloader;
		};
		42990D412DB99F3600383439 /* FirebaseMessaging */ = {
			isa = XCSwiftPackageProductDependency;
			package = 42990D1C2DB99F3600383439 /* XCRemoteSwiftPackageReference "firebase-ios-sdk" */;
			productName = FirebaseMessaging;
		};
		42990D432DB99F3600383439 /* FirebasePerformance */ = {
			isa = XCSwiftPackageProductDependency;
			package = 42990D1C2DB99F3600383439 /* XCRemoteSwiftPackageReference "firebase-ios-sdk" */;
			productName = FirebasePerformance;
		};
		42990D452DB99F3600383439 /* FirebaseRemoteConfig */ = {
			isa = XCSwiftPackageProductDependency;
			package = 42990D1C2DB99F3600383439 /* XCRemoteSwiftPackageReference "firebase-ios-sdk" */;
			productName = FirebaseRemoteConfig;
		};
		42990D472DB99F3600383439 /* FirebaseStorage */ = {
			isa = XCSwiftPackageProductDependency;
			package = 42990D1C2DB99F3600383439 /* XCRemoteSwiftPackageReference "firebase-ios-sdk" */;
			productName = FirebaseStorage;
		};
		42990D492DB99F3600383439 /* FirebaseStorageCombine-Community */ = {
			isa = XCSwiftPackageProductDependency;
			package = 42990D1C2DB99F3600383439 /* XCRemoteSwiftPackageReference "firebase-ios-sdk" */;
			productName = "FirebaseStorageCombine-Community";
		};
		42990D4B2DB99F3600383439 /* FirebaseVertexAI */ = {
			isa = XCSwiftPackageProductDependency;
			package = 42990D1C2DB99F3600383439 /* XCRemoteSwiftPackageReference "firebase-ios-sdk" */;
			productName = FirebaseVertexAI;
		};
/* End XCSwiftPackageProductDependency section */
	};
	rootObject = 4233BFCE2CD938E1008FAAC7 /* Project object */;
}
